
Microsoft Visual Studio Solution File, Format Version 12.00
# Visual Studio Version 17
VisualStudioVersion = 17.4.33205.214
MinimumVisualStudioVersion = 10.0.40219.1
Project("{FAE04EC0-301F-11D3-BF4B-00C04F79EFBC}") = "ShoolProgram_Anayatov", "ShoolProgram_Anayatov\ShoolProgram_Anayatov.csproj", "{E0EA51E8-4252-4292-B7A3-2F4C3E07F9F4}"
EndProject
Global
	GlobalSection(SolutionConfigurationPlatforms) = preSolution
		Debug|Any CPU = Debug|Any CPU
		Release|Any CPU = Release|Any CPU
	EndGlobalSection
	GlobalSection(ProjectConfigurationPlatforms) = postSolution
		{E0EA51E8-4252-4292-B7A3-2F4C3E07F9F4}.Debug|Any CPU.ActiveCfg = Debug|Any CPU
		{E0EA51E8-4252-4292-B7A3-2F4C3E07F9F4}.Debug|Any CPU.Build.0 = Debug|Any CPU
		{E0EA51E8-4252-4292-B7A3-2F4C3E07F9F4}.Release|Any CPU.ActiveCfg = Release|Any CPU
		{E0EA51E8-4252-4292-B7A3-2F4C3E07F9F4}.Release|Any CPU.Build.0 = Release|Any CPU
	EndGlobalSection
	GlobalSection(SolutionProperties) = preSolution
		HideSolutionNode = FALSE
	EndGlobalSection
	GlobalSection(ExtensibilityGlobals) = postSolution
		SolutionGuid = {6CF25F0D-506B-4102-87B9-D71C9167289B}
	EndGlobalSection
EndGlobal
